
Microsoft Visual Studio Solution File, Format Version 12.00
# Visual Studio Version 17
VisualStudioVersion = 17.4.33213.308
MinimumVisualStudioVersion = 10.0.40219.1
Project("{FAE04EC0-301F-11D3-BF4B-00C04F79EFBC}") = "mini game", "mini game.csproj", "{B5F87510-6000-4AA3-AB93-9CFE3E8FB6F5}"
EndProject
Global
	GlobalSection(SolutionConfigurationPlatforms) = preSolution
		Debug|Any CPU = Debug|Any CPU
		Release|Any CPU = Release|Any CPU
	EndGlobalSection
	GlobalSection(ProjectConfigurationPlatforms) = postSolution
		{B5F87510-6000-4AA3-AB93-9CFE3E8FB6F5}.Debug|Any CPU.ActiveCfg = Debug|Any CPU
		{B5F87510-6000-4AA3-AB93-9CFE3E8FB6F5}.Debug|Any CPU.Build.0 = Debug|Any CPU
		{B5F87510-6000-4AA3-AB93-9CFE3E8FB6F5}.Release|Any CPU.ActiveCfg = Release|Any CPU
		{B5F87510-6000-4AA3-AB93-9CFE3E8FB6F5}.Release|Any CPU.Build.0 = Release|Any CPU
	EndGlobalSection
	GlobalSection(SolutionProperties) = preSolution
		HideSolutionNode = FALSE
	EndGlobalSection
	GlobalSection(ExtensibilityGlobals) = postSolution
		SolutionGuid = {7C34B12A-1A23-4C2F-BC5C-35911B7CB0CA}
	EndGlobalSection
EndGlobal
